// !$*UTF8*$!
{
	archiveVersion = 1;
	classes = {
	};
	objectVersion = 46;
	objects = {

/* Begin PBXBuildFile section */
		B3F5FA211D00D3F3001CD03C /* AppDelegate.swift in Sources */ = {isa = PBXBuildFile; fileRef = B3F5FA201D00D3F3001CD03C /* AppDelegate.swift */; };
		B3F5FA231D00D3F3001CD03C /* ViewController.swift in Sources */ = {isa = PBXBuildFile; fileRef = B3F5FA221D00D3F3001CD03C /* ViewController.swift */; };
		B3F5FA261D00D3F3001CD03C /* Main.storyboard in Resources */ = {isa = PBXBuildFile; fileRef = B3F5FA241D00D3F3001CD03C /* Main.storyboard */; };
		B3F5FA281D00D3F3001CD03C /* Images.xcassets in Resources */ = {isa = PBXBuildFile; fileRef = B3F5FA271D00D3F3001CD03C /* Images.xcassets */; };
		B3F5FA2B1D00D3F3001CD03C /* LaunchScreen.xib in Resources */ = {isa = PBXBuildFile; fileRef = B3F5FA291D00D3F3001CD03C /* LaunchScreen.xib */; };
		B3F5FA371D00D3F3001CD03C /* MemeMe_1_0Tests.swift in Sources */ = {isa = PBXBuildFile; fileRef = B3F5FA361D00D3F3001CD03C /* MemeMe_1_0Tests.swift */; };
/* End PBXBuildFile section */

/* Begin PBXContainerItemProxy section */
		B3F5FA311D00D3F3001CD03C /* PBXContainerItemProxy */ = {
			isa = PBXContainerItemProxy;
			containerPortal = B3F5FA131D00D3F3001CD03C /* Project object */;
			proxyType = 1;
			remoteGlobalIDString = B3F5FA1A1D00D3F3001CD03C;
			remoteInfo = "MemeMe-1.0";
		};
/* End PBXContainerItemProxy section */

/* Begin PBXFileReference section */
		B3F5FA1B1D00D3F3001CD03C /* MemeMe-1.0.app */ = {isa = PBXFileReference; explicitFileType = wrapper.application; includeInIndex = 0; path = "MemeMe-1.0.app"; sourceTree = BUILT_PRODUCTS_DIR; };
		B3F5FA1F1D00D3F3001CD03C /* Info.plist */ = {isa = PBXFileReference; lastKnownFileType = text.plist.xml; path = Info.plist; sourceTree = "<group>"; };
		B3F5FA201D00D3F3001CD03C /* AppDelegate.swift */ = {isa = PBXFileReference; lastKnownFileType = sourcecode.swift; path = AppDelegate.swift; sourceTree = "<group>"; };
		B3F5FA221D00D3F3001CD03C /* ViewController.swift */ = {isa = PBXFileReference; lastKnownFileType = sourcecode.swift; path = ViewController.swift; sourceTree = "<group>"; };
		B3F5FA251D00D3F3001CD03C /* Base */ = {isa = PBXFileReference; lastKnownFileType = file.storyboard; name = Base; path = Base.lproj/Main.storyboard; sourceTree = "<group>"; };
		B3F5FA271D00D3F3001CD03C /* Images.xcassets */ = {isa = PBXFileReference; lastKnownFileType = folder.assetcatalog; path = Images.xcassets; sourceTree = "<group>"; };
		B3F5FA2A1D00D3F3001CD03C /* Base */ = {isa = PBXFileReference; lastKnownFileType = file.xib; name = Base; path = Base.lproj/LaunchScreen.xib; sourceTree = "<group>"; };
		B3F5FA301D00D3F3001CD03C /* MemeMe-1.0Tests.xctest */ = {isa = PBXFileReference; explicitFileType = wrapper.cfbundle; includeInIndex = 0; path = "MemeMe-1.0Tests.xctest"; sourceTree = BUILT_PRODUCTS_DIR; };
		B3F5FA351D00D3F3001CD03C /* Info.plist */ = {isa = PBXFileReference; lastKnownFileType = text.plist.xml; path = Info.plist; sourceTree = "<group>"; };
		B3F5FA361D00D3F3001CD03C /* MemeMe_1_0Tests.swift */ = {isa = PBXFileReference; lastKnownFileType = sourcecode.swift; path = MemeMe_1_0Tests.swift; sourceTree = "<group>"; };
/* End PBXFileReference section */

/* Begin PBXFrameworksBuildPhase section */
		B3F5FA181D00D3F3001CD03C /* Frameworks */ = {
			isa = PBXFrameworksBuildPhase;
			buildActionMask = 2147483647;
			files = (
			);
			runOnlyForDeploymentPostprocessing = 0;
		};
		B3F5FA2D1D00D3F3001CD03C /* Frameworks */ = {
			isa = PBXFrameworksBuildPhase;
			buildActionMask = 2147483647;
			files = (
			);
			runOnlyForDeploymentPostprocessing = 0;
		};
/* End PBXFrameworksBuildPhase section */

/* Begin PBXGroup section */
		B3F5FA121D00D3F3001CD03C = {
			isa = PBXGroup;
			children = (
				B3F5FA1D1D00D3F3001CD03C /* MemeMe-1.0 */,
				B3F5FA331D00D3F3001CD03C /* MemeMe-1.0Tests */,
				B3F5FA1C1D00D3F3001CD03C /* Products */,
			);
			sourceTree = "<group>";
		};
		B3F5FA1C1D00D3F3001CD03C /* Products */ = {
			isa = PBXGroup;
			children = (
				B3F5FA1B1D00D3F3001CD03C /* MemeMe-1.0.app */,
				B3F5FA301D00D3F3001CD03C /* MemeMe-1.0Tests.xctest */,
			);
			name = Products;
			sourceTree = "<group>";
		};
		B3F5FA1D1D00D3F3001CD03C /* MemeMe-1.0 */ = {
			isa = PBXGroup;
			children = (
				B3F5FA201D00D3F3001CD03C /* AppDelegate.swift */,
				B3F5FA221D00D3F3001CD03C /* ViewController.swift */,
				B3F5FA241D00D3F3001CD03C /* Main.storyboard */,
				B3F5FA271D00D3F3001CD03C /* Images.xcassets */,
				B3F5FA291D00D3F3001CD03C /* LaunchScreen.xib */,
				B3F5FA1E1D00D3F3001CD03C /* Supporting Files */,
			);
			path = "MemeMe-1.0";
			sourceTree = "<group>";
		};
		B3F5FA1E1D00D3F3001CD03C /* Supporting Files */ = {
			isa = PBXGroup;
			children = (
				B3F5FA1F1D00D3F3001CD03C /* Info.plist */,
			);
			name = "Supporting Files";
			sourceTree = "<group>";
		};
		B3F5FA331D00D3F3001CD03C /* MemeMe-1.0Tests */ = {
			isa = PBXGroup;
			children = (
				B3F5FA361D00D3F3001CD03C /* MemeMe_1_0Tests.swift */,
				B3F5FA341D00D3F3001CD03C /* Supporting Files */,
			);
			path = "MemeMe-1.0Tests";
			sourceTree = "<group>";
		};
		B3F5FA341D00D3F3001CD03C /* Supporting Files */ = {
			isa = PBXGroup;
			children = (
				B3F5FA351D00D3F3001CD03C /* Info.plist */,
			);
			name = "Supporting Files";
			sourceTree = "<group>";
		};
/* End PBXGroup section */

/* Begin PBXNativeTarget section */
		B3F5FA1A1D00D3F3001CD03C /* MemeMe-1.0 */ = {
			isa = PBXNativeTarget;
			buildConfigurationList = B3F5FA3A1D00D3F3001CD03C /* Build configuration list for PBXNativeTarget "MemeMe-1.0" */;
			buildPhases = (
				B3F5FA171D00D3F3001CD03C /* Sources */,
				B3F5FA181D00D3F3001CD03C /* Frameworks */,
				B3F5FA191D00D3F3001CD03C /* Resources */,
			);
			buildRules = (
			);
			dependencies = (
			);
			name = "MemeMe-1.0";
			productName = "MemeMe-1.0";
			productReference = B3F5FA1B1D00D3F3001CD03C /* MemeMe-1.0.app */;
			productType = "com.apple.product-type.application";
		};
		B3F5FA2F1D00D3F3001CD03C /* MemeMe-1.0Tests */ = {
			isa = PBXNativeTarget;
			buildConfigurationList = B3F5FA3D1D00D3F3001CD03C /* Build configuration list for PBXNativeTarget "MemeMe-1.0Tests" */;
			buildPhases = (
				B3F5FA2C1D00D3F3001CD03C /* Sources */,
				B3F5FA2D1D00D3F3001CD03C /* Frameworks */,
				B3F5FA2E1D00D3F3001CD03C /* Resources */,
			);
			buildRules = (
			);
			dependencies = (
				B3F5FA321D00D3F3001CD03C /* PBXTargetDependency */,
			);
			name = "MemeMe-1.0Tests";
			productName = "MemeMe-1.0Tests";
			productReference = B3F5FA301D00D3F3001CD03C /* MemeMe-1.0Tests.xctest */;
			productType = "com.apple.product-type.bundle.unit-test";
		};
/* End PBXNativeTarget section */

/* Begin PBXProject section */
		B3F5FA131D00D3F3001CD03C /* Project object */ = {
			isa = PBXProject;
			attributes = {
				LastSwiftMigration = 0730;
				LastSwiftUpdateCheck = 0730;
				LastUpgradeCheck = 0730;
				ORGANIZATIONNAME = Mahmood;
				TargetAttributes = {
					B3F5FA1A1D00D3F3001CD03C = {
						CreatedOnToolsVersion = 6.3.2;
					};
					B3F5FA2F1D00D3F3001CD03C = {
						CreatedOnToolsVersion = 6.3.2;
						TestTargetID = B3F5FA1A1D00D3F3001CD03C;
					};
				};
			};
			buildConfigurationList = B3F5FA161D00D3F3001CD03C /* Build configuration list for PBXProject "MemeMe-1.0" */;
			compatibilityVersion = "Xcode 3.2";
			developmentRegion = English;
			hasScannedForEncodings = 0;
			knownRegions = (
				en,
				Base,
			);
			mainGroup = B3F5FA121D00D3F3001CD03C;
			productRefGroup = B3F5FA1C1D00D3F3001CD03C /* Products */;
			projectDirPath = "";
			projectRoot = "";
			targets = (
				B3F5FA1A1D00D3F3001CD03C /* MemeMe-1.0 */,
				B3F5FA2F1D00D3F3001CD03C /* MemeMe-1.0Tests */,
			);
		};
/* End PBXProject section */

/* Begin PBXResourcesBuildPhase section */
		B3F5FA191D00D3F3001CD03C /* Resources */ = {
			isa = PBXResourcesBuildPhase;
			buildActionMask = 2147483647;
			files = (
				B3F5FA261D00D3F3001CD03C /* Main.storyboard in Resources */,
				B3F5FA2B1D00D3F3001CD03C /* LaunchScreen.xib in Resources */,
				B3F5FA281D00D3F3001CD03C /* Images.xcassets in Resources */,
			);
			runOnlyForDeploymentPostprocessing = 0;
		};
		B3F5FA2E1D00D3F3001CD03C /* Resources */ = {
			isa = PBXResourcesBuildPhase;
			buildActionMask = 2147483647;
			files = (
			);
			runOnlyForDeploymentPostprocessing = 0;
		};
/* End PBXResourcesBuildPhase section */

/* Begin PBXSourcesBuildPhase section */
		B3F5FA171D00D3F3001CD03C /* Sources */ = {
			isa = PBXSourcesBuildPhase;
			buildActionMask = 2147483647;
			files = (
				B3F5FA231D00D3F3001CD03C /* ViewController.swift in Sources */,
				B3F5FA211D00D3F3001CD03C /* AppDelegate.swift in Sources */,
			);
			runOnlyForDeploymentPostprocessing = 0;
		};
		B3F5FA2C1D00D3F3001CD03C /* Sources */ = {
			isa = PBXSourcesBuildPhase;
			buildActionMask = 2147483647;
			files = (
				B3F5FA371D00D3F3001CD03C /* MemeMe_1_0Tests.swift in Sources */,
			);
			runOnlyForDeploymentPostprocessing = 0;
		};
/* End PBXSourcesBuildPhase section */

/* Begin PBXTargetDependency section */
		B3F5FA321D00D3F3001CD03C /* PBXTargetDependency */ = {
			isa = PBXTargetDependency;
			target = B3F5FA1A1D00D3F3001CD03C /* MemeMe-1.0 */;
			targetProxy = B3F5FA311D00D3F3001CD03C /* PBXContainerItemProxy */;
		};
/* End PBXTargetDependency section */

/* Begin PBXVariantGroup section */
		B3F5FA241D00D3F3001CD03C /* Main.storyboard */ = {
			isa = PBXVariantGroup;
			children = (
				B3F5FA251D00D3F3001CD03C /* Base */,
			);
			name = Main.storyboard;
			sourceTree = "<group>";
		};
		B3F5FA291D00D3F3001CD03C /* LaunchScreen.xib */ = {
			isa = PBXVariantGroup;
			children = (
				B3F5FA2A1D00D3F3001CD03C /* Base */,
			);
			name = LaunchScreen.xib;
			sourceTree = "<group>";
		};
/* End PBXVariantGroup section */

/* Begin XCBuildConfiguration section */
		B3F5FA381D00D3F3001CD03C /* Debug */ = {
			isa = XCBuildConfiguration;
			buildSettings = {
				ALWAYS_SEARCH_USER_PATHS = NO;
				CLANG_CXX_LANGUAGE_STANDARD = "gnu++0x";
				CLANG_CXX_LIBRARY = "libc++";
				CLANG_ENABLE_MODULES = YES;
				CLANG_ENABLE_OBJC_ARC = YES;
				CLANG_WARN_BOOL_CONVERSION = YES;
				CLANG_WARN_CONSTANT_CONVERSION = YES;
				CLANG_WARN_DIRECT_OBJC_ISA_USAGE = YES_ERROR;
				CLANG_WARN_EMPTY_BODY = YES;
				CLANG_WARN_ENUM_CONVERSION = YES;
				CLANG_WARN_INT_CONVERSION = YES;
				CLANG_WARN_OBJC_ROOT_CLASS = YES_ERROR;
				CLANG_WARN_UNREACHABLE_CODE = YES;
				CLANG_WARN__DUPLICATE_METHOD_MATCH = YES;
				"CODE_SIGN_IDENTITY[sdk=iphoneos*]" = "iPhone Developer";
				COPY_PHASE_STRIP = NO;
				DEBUG_INFORMATION_FORMAT = "dwarf-with-dsym";
				ENABLE_STRICT_OBJC_MSGSEND = YES;
				ENABLE_TESTABILITY = YES;
				GCC_C_LANGUAGE_STANDARD = gnu99;
				GCC_DYNAMIC_NO_PIC = NO;
				GCC_NO_COMMON_BLOCKS = YES;
				GCC_OPTIMIZATION_LEVEL = 0;
				GCC_PREPROCESSOR_DEFINITIONS = (
					"DEBUG=1",
					"$(inherited)",
				);
				GCC_SYMBOLS_PRIVATE_EXTERN = NO;
				GCC_WARN_64_TO_32_BIT_CONVERSION = YES;
				GCC_WARN_ABOUT_RETURN_TYPE = YES_ERROR;
				GCC_WARN_UNDECLARED_SELECTOR = YES;
				GCC_WARN_UNINITIALIZED_AUTOS = YES_AGGRESSIVE;
				GCC_WARN_UNUSED_FUNCTION = YES;
				GCC_WARN_UNUSED_VARIABLE = YES;
				IPHONEOS_DEPLOYMENT_TARGET = 8.3;
				MTL_ENABLE_DEBUG_INFO = YES;
				ONLY_ACTIVE_ARCH = YES;
				SDKROOT = iphoneos;
				SWIFT_OPTIMIZATION_LEVEL = "-Onone";
			};
			name = Debug;
		};
		B3F5FA391D00D3F3001CD03C /* Release */ = {
			isa = XCBuildConfiguration;
			buildSettings = {
				ALWAYS_SEARCH_USER_PATHS = NO;
				CLANG_CXX_LANGUAGE_STANDARD = "gnu++0x";
				CLANG_CXX_LIBRARY = "libc++";
				CLANG_ENABLE_MODULES = YES;
				CLANG_ENABLE_OBJC_ARC = YES;
				CLANG_WARN_BOOL_CONVERSION = YES;
				CLANG_WARN_CONSTANT_CONVERSION = YES;
				CLANG_WARN_DIRECT_OBJC_ISA_USAGE = YES_ERROR;
				CLANG_WARN_EMPTY_BODY = YES;
				CLANG_WARN_ENUM_CONVERSION = YES;
				CLANG_WARN_INT_CONVERSION = YES;
				CLANG_WARN_OBJC_ROOT_CLASS = YES_ERROR;
				CLANG_WARN_UNREACHABLE_CODE = YES;
				CLANG_WARN__DUPLICATE_METHOD_MATCH = YES;
				"CODE_SIGN_IDENTITY[sdk=iphoneos*]" = "iPhone Developer";
				COPY_PHASE_STRIP = NO;
				DEBUG_INFORMATION_FORMAT = "dwarf-with-dsym";
				ENABLE_NS_ASSERTIONS = NO;
				ENABLE_STRICT_OBJC_MSGSEND = YES;
				GCC_C_LANGUAGE_STANDARD = gnu99;
				GCC_NO_COMMON_BLOCKS = YES;
				GCC_WARN_64_TO_32_BIT_CONVERSION = YES;
				GCC_WARN_ABOUT_RETURN_TYPE = YES_ERROR;
				GCC_WARN_UNDECLARED_SELECTOR = YES;
				GCC_WARN_UNINITIALIZED_AUTOS = YES_AGGRESSIVE;
				GCC_WARN_UNUSED_FUNCTION = YES;
				GCC_WARN_UNUSED_VARIABLE = YES;
				IPHONEOS_DEPLOYMENT_TARGET = 8.3;
				MTL_ENABLE_DEBUG_INFO = NO;
				SDKROOT = iphoneos;
				VALIDATE_PRODUCT = YES;
			};
			name = Release;
		};
		B3F5FA3B1D00D3F3001CD03C /* Debug */ = {
			isa = XCBuildConfiguration;
			buildSettings = {
				ASSETCATALOG_COMPILER_APPICON_NAME = AppIcon;
				INFOPLIST_FILE = "MemeMe-1.0/Info.plist";
				LD_RUNPATH_SEARCH_PATHS = "$(inherited) @executable_path/Frameworks";
				PRODUCT_BUNDLE_IDENTIFIER = "com.Junaid.$(PRODUCT_NAME:rfc1034identifier)";
				PRODUCT_NAME = "$(TARGET_NAME)";
			};
			name = Debug;
		};
		B3F5FA3C1D00D3F3001CD03C /* Release */ = {
			isa = XCBuildConfiguration;
			buildSettings = {
				ASSETCATALOG_COMPILER_APPICON_NAME = AppIcon;
				INFOPLIST_FILE = "MemeMe-1.0/Info.plist";
				LD_RUNPATH_SEARCH_PATHS = "$(inherited) @executable_path/Frameworks";
				PRODUCT_BUNDLE_IDENTIFIER = "com.Junaid.$(PRODUCT_NAME:rfc1034identifier)";
				PRODUCT_NAME = "$(TARGET_NAME)";
			};
			name = Release;
		};
		B3F5FA3E1D00D3F3001CD03C /* Debug */ = {
			isa = XCBuildConfiguration;
			buildSettings = {
				BUNDLE_LOADER = "$(TEST_HOST)";
				FRAMEWORK_SEARCH_PATHS = (
					"$(SDKROOT)/Developer/Library/Frameworks",
					"$(inherited)",
				);
				GCC_PREPROCESSOR_DEFINITIONS = (
					"DEBUG=1",
					"$(inherited)",
				);
				INFOPLIST_FILE = "MemeMe-1.0Tests/Info.plist";
				LD_RUNPATH_SEARCH_PATHS = "$(inherited) @executable_path/Frameworks @loader_path/Frameworks";
				PRODUCT_BUNDLE_IDENTIFIER = "com.Junaid.$(PRODUCT_NAME:rfc1034identifier)";
				PRODUCT_NAME = "$(TARGET_NAME)";
				TEST_HOST = "$(BUILT_PRODUCTS_DIR)/MemeMe-1.0.app/MemeMe-1.0";
			};
			name = Debug;
		};
		B3F5FA3F1D00D3F3001CD03C /* Release */ = {
			isa = XCBuildConfiguration;
			buildSettings = {
				BUNDLE_LOADER = "$(TEST_HOST)";
				FRAMEWORK_SEARCH_PATHS = (
					"$(SDKROOT)/Developer/Library/Frameworks",
					"$(inherited)",
				);
				INFOPLIST_FILE = "MemeMe-1.0Tests/Info.plist";
				LD_RUNPATH_SEARCH_PATHS = "$(inherited) @executable_path/Frameworks @loader_path/Frameworks";
				PRODUCT_BUNDLE_IDENTIFIER = "com.Junaid.$(PRODUCT_NAME:rfc1034identifier)";
				PRODUCT_NAME = "$(TARGET_NAME)";
				TEST_HOST = "$(BUILT_PRODUCTS_DIR)/MemeMe-1.0.app/MemeMe-1.0";
			};
			name = Release;
		};
/* End XCBuildConfiguration section */

/* Begin XCConfigurationList section */
		B3F5FA161D00D3F3001CD03C /* Build configuration list for PBXProject "MemeMe-1.0" */ = {
			isa = XCConfigurationList;
			buildConfigurations = (
				B3F5FA381D00D3F3001CD03C /* Debug */,
				B3F5FA391D00D3F3001CD03C /* Release */,
			);
			defaultConfigurationIsVisible = 0;
			defaultConfigurationName = Release;
		};
		B3F5FA3A1D00D3F3001CD03C /* Build configuration list for PBXNativeTarget "MemeMe-1.0" */ = {
			isa = XCConfigurationList;
			buildConfigurations = (
				B3F5FA3B1D00D3F3001CD03C /* Debug */,
				B3F5FA3C1D00D3F3001CD03C /* Release */,
			);
			defaultConfigurationIsVisible = 0;
			defaultConfigurationName = Release;
		};
		B3F5FA3D1D00D3F3001CD03C /* Build configuration list for PBXNativeTarget "MemeMe-1.0Tests" */ = {
			isa = XCConfigurationList;
			buildConfigurations = (
				B3F5FA3E1D00D3F3001CD03C /* Debug */,
				B3F5FA3F1D00D3F3001CD03C /* Release */,
			);
			defaultConfigurationIsVisible = 0;
			defaultConfigurationName = Release;
		};
/* End XCConfigurationList section */
	};
	rootObject = B3F5FA131D00D3F3001CD03C /* Project object */;
}
